{
    "name": "source-theme",
    "version": "11.12.0",
    "lockfileVersion": 3,
    "requires": true,
    "packages": {
        "": {
            "name": "source-theme",
            "version": "11.12.0",
            "license": "Apache-2.0 License",
            "engines": {
                "vscode": "^1.57.0"
            }
        }
    }
}
